// !$*UTF8*$!
{
	archiveVersion = 1;
	classes = {
	};
	objectVersion = 46;
	objects = {

/* Begin PBXAggregateTarget section */
		F501A8F91587669100E784DD /* TUKit Universal Framework */ = {
			isa = PBXAggregateTarget;
			buildConfigurationList = F501A8FA1587669100E784DD /* Build configuration list for PBXAggregateTarget "TUKit Universal Framework" */;
			buildPhases = (
				F501A8FD158766AA00E784DD /* ShellScript */,
			);
			dependencies = (
			);
			name = "TUKit Universal Framework";
			productName = "TUKit Universal Framework";
		};
/* End PBXAggregateTarget section */

/* Begin PBXBuildFile section */
		3A98D4BF15E0CF7A00C9F564 /* TESwitchCell.m in Sources */ = {isa = PBXBuildFile; fileRef = 3A98D4BD15E0CF7A00C9F564 /* TESwitchCell.m */; };
		3A98D4C615E0D18700C9F564 /* TESelectCell.m in Sources */ = {isa = PBXBuildFile; fileRef = 3A98D4C415E0D18700C9F564 /* TESelectCell.m */; };
		3A98D4CA15E0D1C600C9F564 /* TETextFieldCell.m in Sources */ = {isa = PBXBuildFile; fileRef = 3A98D4C815E0D1C500C9F564 /* TETextFieldCell.m */; };
		3A98D4CE15E0D57D00C9F564 /* TESwitchItem.h in Headers */ = {isa = PBXBuildFile; fileRef = 3A98D4CC15E0D57D00C9F564 /* TESwitchItem.h */; settings = {ATTRIBUTES = (Public, ); }; };
		3A98D4CF15E0D57D00C9F564 /* TESwitchItem.m in Sources */ = {isa = PBXBuildFile; fileRef = 3A98D4CD15E0D57D00C9F564 /* TESwitchItem.m */; };
		3A98D4D215E0D58F00C9F564 /* TESelectItem.h in Headers */ = {isa = PBXBuildFile; fileRef = 3A98D4D015E0D58F00C9F564 /* TESelectItem.h */; settings = {ATTRIBUTES = (Public, ); }; };
		3A98D4D315E0D58F00C9F564 /* TESelectItem.m in Sources */ = {isa = PBXBuildFile; fileRef = 3A98D4D115E0D58F00C9F564 /* TESelectItem.m */; };
		3A98D4D615E0D59F00C9F564 /* TETextFieldItem.h in Headers */ = {isa = PBXBuildFile; fileRef = 3A98D4D415E0D59F00C9F564 /* TETextFieldItem.h */; settings = {ATTRIBUTES = (Public, ); }; };
		3A98D4D715E0D59F00C9F564 /* TETextFieldItem.m in Sources */ = {isa = PBXBuildFile; fileRef = 3A98D4D515E0D59F00C9F564 /* TETextFieldItem.m */; };
		3A98D4D815E0D6FE00C9F564 /* TETableViewCells.xib in Resources */ = {isa = PBXBuildFile; fileRef = 3A98D4C015E0D02A00C9F564 /* TETableViewCells.xib */; };
		3A98D4E015E0E64500C9F564 /* TESwitchItem.h in Headers */ = {isa = PBXBuildFile; fileRef = 3A98D4CC15E0D57D00C9F564 /* TESwitchItem.h */; settings = {ATTRIBUTES = (Public, ); }; };
		3A98D4E115E0E64500C9F564 /* TESelectItem.h in Headers */ = {isa = PBXBuildFile; fileRef = 3A98D4D015E0D58F00C9F564 /* TESelectItem.h */; settings = {ATTRIBUTES = (Public, ); }; };
		3A98D4E215E0E64500C9F564 /* TETextFieldItem.h in Headers */ = {isa = PBXBuildFile; fileRef = 3A98D4D415E0D59F00C9F564 /* TETextFieldItem.h */; settings = {ATTRIBUTES = (Public, ); }; };
		3A98D4E515E0E7D600C9F564 /* TESwitchItem.m in Sources */ = {isa = PBXBuildFile; fileRef = 3A98D4CD15E0D57D00C9F564 /* TESwitchItem.m */; };
		3A98D4E615E0E7D600C9F564 /* TESelectItem.m in Sources */ = {isa = PBXBuildFile; fileRef = 3A98D4D115E0D58F00C9F564 /* TESelectItem.m */; };
		3A98D4E715E0E7D600C9F564 /* TETextFieldItem.m in Sources */ = {isa = PBXBuildFile; fileRef = 3A98D4D515E0D59F00C9F564 /* TETextFieldItem.m */; };
		3A98D4E815E0E7D600C9F564 /* TESwitchCell.m in Sources */ = {isa = PBXBuildFile; fileRef = 3A98D4BD15E0CF7A00C9F564 /* TESwitchCell.m */; };
		3A98D4E915E0E7D600C9F564 /* TESelectCell.m in Sources */ = {isa = PBXBuildFile; fileRef = 3A98D4C415E0D18700C9F564 /* TESelectCell.m */; };
		3A98D4EA15E0E7D600C9F564 /* TETextFieldCell.m in Sources */ = {isa = PBXBuildFile; fileRef = 3A98D4C815E0D1C500C9F564 /* TETextFieldCell.m */; };
		3AD064CC1574092600C6DAA6 /* NSString+URLEncode.h in Headers */ = {isa = PBXBuildFile; fileRef = 3AD064C81574092600C6DAA6 /* NSString+URLEncode.h */; settings = {ATTRIBUTES = (Public, ); }; };
		3AD064CD1574092600C6DAA6 /* NSString+URLEncode.m in Sources */ = {isa = PBXBuildFile; fileRef = 3AD064C91574092600C6DAA6 /* NSString+URLEncode.m */; };
		3AD064CE1574092600C6DAA6 /* TEImageLoader.h in Headers */ = {isa = PBXBuildFile; fileRef = 3AD064CA1574092600C6DAA6 /* TEImageLoader.h */; settings = {ATTRIBUTES = (Public, ); }; };
		3AD064CF1574092600C6DAA6 /* TEImageLoader.m in Sources */ = {isa = PBXBuildFile; fileRef = 3AD064CB1574092600C6DAA6 /* TEImageLoader.m */; };
		3AD064D315740D1100C6DAA6 /* TEStrikeThroughLabel.h in Headers */ = {isa = PBXBuildFile; fileRef = 3AD064D115740D1100C6DAA6 /* TEStrikeThroughLabel.h */; settings = {ATTRIBUTES = (Public, ); }; };
		3AD064D415740D1100C6DAA6 /* TEStrikeThroughLabel.m in Sources */ = {isa = PBXBuildFile; fileRef = 3AD064D215740D1100C6DAA6 /* TEStrikeThroughLabel.m */; };
		3AD064DA15740DBA00C6DAA6 /* TELoadingImageView.h in Headers */ = {isa = PBXBuildFile; fileRef = 3AD064D615740DBA00C6DAA6 /* TELoadingImageView.h */; settings = {ATTRIBUTES = (Public, ); }; };
		3AD064DB15740DBA00C6DAA6 /* TELoadingImageView.m in Sources */ = {isa = PBXBuildFile; fileRef = 3AD064D715740DBA00C6DAA6 /* TELoadingImageView.m */; };
		3AD064DC15740DBA00C6DAA6 /* TERoundedCornerImageView.h in Headers */ = {isa = PBXBuildFile; fileRef = 3AD064D815740DBA00C6DAA6 /* TERoundedCornerImageView.h */; settings = {ATTRIBUTES = (Public, ); }; };
		3AD064DD15740DBA00C6DAA6 /* TERoundedCornerImageView.m in Sources */ = {isa = PBXBuildFile; fileRef = 3AD064D915740DBA00C6DAA6 /* TERoundedCornerImageView.m */; };
		3AF6C7FF157FC13800AA2923 /* UIView+Animations.h in Headers */ = {isa = PBXBuildFile; fileRef = 3AF6C7FD157FC13800AA2923 /* UIView+Animations.h */; settings = {ATTRIBUTES = (Public, ); }; };
		3AF6C800157FC13800AA2923 /* UIView+Animations.m in Sources */ = {isa = PBXBuildFile; fileRef = 3AF6C7FE157FC13800AA2923 /* UIView+Animations.m */; };
		3AF6C82A1589156D00AA2923 /* TUKit.h in Headers */ = {isa = PBXBuildFile; fileRef = 3AF6C827158914D500AA2923 /* TUKit.h */; settings = {ATTRIBUTES = (Public, ); }; };
		3AF6C82B1589157400AA2923 /* TETableView.h in Headers */ = {isa = PBXBuildFile; fileRef = 3AF6C8291589150E00AA2923 /* TETableView.h */; settings = {ATTRIBUTES = (Public, ); }; };
		3AF6C82C158915EE00AA2923 /* TUKit.h in Headers */ = {isa = PBXBuildFile; fileRef = 3AF6C827158914D500AA2923 /* TUKit.h */; settings = {ATTRIBUTES = (Public, ); }; };
		3AF6C82D158915F400AA2923 /* TETableView.h in Headers */ = {isa = PBXBuildFile; fileRef = 3AF6C8291589150E00AA2923 /* TETableView.h */; settings = {ATTRIBUTES = (Public, ); }; };
		F501A8BD15874B5200E784DD /* InfoPlist.strings in Resources */ = {isa = PBXBuildFile; fileRef = F501A8BB15874B5200E784DD /* InfoPlist.strings */; };
		F501A8C5158761D100E784DD /* UIView+Animations.m in Sources */ = {isa = PBXBuildFile; fileRef = 3AF6C7FE157FC13800AA2923 /* UIView+Animations.m */; };
		F501A8C6158761D100E784DD /* TELoadingImageView.m in Sources */ = {isa = PBXBuildFile; fileRef = 3AD064D715740DBA00C6DAA6 /* TELoadingImageView.m */; };
		F501A8C7158761D100E784DD /* TERoundedCornerImageView.m in Sources */ = {isa = PBXBuildFile; fileRef = 3AD064D915740DBA00C6DAA6 /* TERoundedCornerImageView.m */; };
		F501A8C8158761D100E784DD /* TEStrikeThroughLabel.m in Sources */ = {isa = PBXBuildFile; fileRef = 3AD064D215740D1100C6DAA6 /* TEStrikeThroughLabel.m */; };
		F501A8C9158761D100E784DD /* NSString+URLEncode.m in Sources */ = {isa = PBXBuildFile; fileRef = 3AD064C91574092600C6DAA6 /* NSString+URLEncode.m */; };
		F501A8CA158761D100E784DD /* TEImageLoader.m in Sources */ = {isa = PBXBuildFile; fileRef = 3AD064CB1574092600C6DAA6 /* TEImageLoader.m */; };
		F501A8CB158761D100E784DD /* AFUIImageReflection.m in Sources */ = {isa = PBXBuildFile; fileRef = F5580A5A1573AECA00865948 /* AFUIImageReflection.m */; };
		F501A8CC158761D100E784DD /* TEGallery.m in Sources */ = {isa = PBXBuildFile; fileRef = F5580A5C1573AECA00865948 /* TEGallery.m */; };
		F501A8CD158761D100E784DD /* TEPhoto.m in Sources */ = {isa = PBXBuildFile; fileRef = F5580A5E1573AECA00865948 /* TEPhoto.m */; };
		F501A8CE158761D100E784DD /* TEStarRatingView.m in Sources */ = {isa = PBXBuildFile; fileRef = F5580A551573AEB500865948 /* TEStarRatingView.m */; };
		F501A8CF158761D100E784DD /* TEModel.m in Sources */ = {isa = PBXBuildFile; fileRef = F5580A271573AEA000865948 /* TEModel.m */; };
		F501A8D0158761D100E784DD /* TETableViewDataSource.m in Sources */ = {isa = PBXBuildFile; fileRef = F5580A2B1573AEA000865948 /* TETableViewDataSource.m */; };
		F501A8D1158761D100E784DD /* TETableViewDelegate.m in Sources */ = {isa = PBXBuildFile; fileRef = F5580A2D1573AEA000865948 /* TETableViewDelegate.m */; };
		F501A8D2158761D100E784DD /* TETableViewExpandableDataSource.m in Sources */ = {isa = PBXBuildFile; fileRef = F5580A2F1573AEA000865948 /* TETableViewExpandableDataSource.m */; };
		F501A8D3158761D100E784DD /* TETableViewExpandableDelegate.m in Sources */ = {isa = PBXBuildFile; fileRef = F5580A311573AEA000865948 /* TETableViewExpandableDelegate.m */; };
		F501A8D4158761D100E784DD /* TETableViewSectionDataSource.m in Sources */ = {isa = PBXBuildFile; fileRef = F5580A371573AEA000865948 /* TETableViewSectionDataSource.m */; };
		F501A8D5158761D100E784DD /* TETableViewSectionExpandableDataSource.m in Sources */ = {isa = PBXBuildFile; fileRef = F5580A391573AEA000865948 /* TETableViewSectionExpandableDataSource.m */; };
		F501A8DA1587623400E784DD /* UIView+Animations.h in Headers */ = {isa = PBXBuildFile; fileRef = 3AF6C7FD157FC13800AA2923 /* UIView+Animations.h */; settings = {ATTRIBUTES = (Public, ); }; };
		F501A8DB1587623400E784DD /* TELoadingImageView.h in Headers */ = {isa = PBXBuildFile; fileRef = 3AD064D615740DBA00C6DAA6 /* TELoadingImageView.h */; settings = {ATTRIBUTES = (Public, ); }; };
		F501A8DC1587623400E784DD /* TERoundedCornerImageView.h in Headers */ = {isa = PBXBuildFile; fileRef = 3AD064D815740DBA00C6DAA6 /* TERoundedCornerImageView.h */; settings = {ATTRIBUTES = (Public, ); }; };
		F501A8DD1587623400E784DD /* TEStrikeThroughLabel.h in Headers */ = {isa = PBXBuildFile; fileRef = 3AD064D115740D1100C6DAA6 /* TEStrikeThroughLabel.h */; settings = {ATTRIBUTES = (Public, ); }; };
		F501A8DE1587623400E784DD /* NSString+URLEncode.h in Headers */ = {isa = PBXBuildFile; fileRef = 3AD064C81574092600C6DAA6 /* NSString+URLEncode.h */; settings = {ATTRIBUTES = (Public, ); }; };
		F501A8DF1587623400E784DD /* TEImageLoader.h in Headers */ = {isa = PBXBuildFile; fileRef = 3AD064CA1574092600C6DAA6 /* TEImageLoader.h */; settings = {ATTRIBUTES = (Public, ); }; };
		F501A8E01587623400E784DD /* AFUIImageReflection.h in Headers */ = {isa = PBXBuildFile; fileRef = F5580A591573AECA00865948 /* AFUIImageReflection.h */; settings = {ATTRIBUTES = (Public, ); }; };
		F501A8E11587623400E784DD /* TEGallery.h in Headers */ = {isa = PBXBuildFile; fileRef = F5580A5B1573AECA00865948 /* TEGallery.h */; settings = {ATTRIBUTES = (Public, ); }; };
		F501A8E21587623400E784DD /* TEPhoto.h in Headers */ = {isa = PBXBuildFile; fileRef = F5580A5D1573AECA00865948 /* TEPhoto.h */; settings = {ATTRIBUTES = (Public, ); }; };
		F501A8E31587623400E784DD /* TEStarRatingView.h in Headers */ = {isa = PBXBuildFile; fileRef = F5580A541573AEB500865948 /* TEStarRatingView.h */; settings = {ATTRIBUTES = (Public, ); }; };
		F501A8E41587623400E784DD /* TEModel.h in Headers */ = {isa = PBXBuildFile; fileRef = F5580A261573AEA000865948 /* TEModel.h */; settings = {ATTRIBUTES = (Public, ); }; };
		F501A8E51587623400E784DD /* TETableViewItem.h in Headers */ = {isa = PBXBuildFile; fileRef = F5580A341573AEA000865948 /* TETableViewItem.h */; settings = {ATTRIBUTES = (Public, ); }; };
		F501A8E61587623400E784DD /* TETableViewExpandableItem.h in Headers */ = {isa = PBXBuildFile; fileRef = F5580A321573AEA000865948 /* TETableViewExpandableItem.h */; settings = {ATTRIBUTES = (Public, ); }; };
		F501A8E71587623400E784DD /* TETableViewDataSource.h in Headers */ = {isa = PBXBuildFile; fileRef = F5580A2A1573AEA000865948 /* TETableViewDataSource.h */; settings = {ATTRIBUTES = (Public, ); }; };
		F501A8E81587623400E784DD /* TETableViewDelegate.h in Headers */ = {isa = PBXBuildFile; fileRef = F5580A2C1573AEA000865948 /* TETableViewDelegate.h */; settings = {ATTRIBUTES = (Public, ); }; };
		F501A8E91587623400E784DD /* TETableViewExpandableDataSource.h in Headers */ = {isa = PBXBuildFile; fileRef = F5580A2E1573AEA000865948 /* TETableViewExpandableDataSource.h */; settings = {ATTRIBUTES = (Public, ); }; };
		F501A8EA1587623400E784DD /* TETableViewExpandableDelegate.h in Headers */ = {isa = PBXBuildFile; fileRef = F5580A301573AEA000865948 /* TETableViewExpandableDelegate.h */; settings = {ATTRIBUTES = (Public, ); }; };
		F501A8EB1587623400E784DD /* TETableViewSectionDataSource.h in Headers */ = {isa = PBXBuildFile; fileRef = F5580A361573AEA000865948 /* TETableViewSectionDataSource.h */; settings = {ATTRIBUTES = (Public, ); }; };
		F501A8EC1587623400E784DD /* TETableViewSectionExpandableDataSource.h in Headers */ = {isa = PBXBuildFile; fileRef = F5580A381573AEA000865948 /* TETableViewSectionExpandableDataSource.h */; settings = {ATTRIBUTES = (Public, ); }; };
		F501A8ED1587623400E784DD /* TEDebug.h in Headers */ = {isa = PBXBuildFile; fileRef = F5580A651573AEF900865948 /* TEDebug.h */; settings = {ATTRIBUTES = (Public, ); }; };
		F501A8EE1587623400E784DD /* TEArcCompatible.h in Headers */ = {isa = PBXBuildFile; fileRef = F5580A691573B80700865948 /* TEArcCompatible.h */; settings = {ATTRIBUTES = (Public, ); }; };
		F526EEDF158770C2003B148A /* __default_highlighted_star.png in Resources */ = {isa = PBXBuildFile; fileRef = F5580A501573AEB500865948 /* __default_highlighted_star.png */; };
		F526EEE0158770C2003B148A /* __default_highlighted_star@2x.png in Resources */ = {isa = PBXBuildFile; fileRef = F5580A511573AEB500865948 /* __default_highlighted_star@2x.png */; };
		F526EEE1158770C2003B148A /* __default_star.png in Resources */ = {isa = PBXBuildFile; fileRef = F5580A521573AEB500865948 /* __default_star.png */; };
		F526EEE2158770C2003B148A /* __default_star@2x.png in Resources */ = {isa = PBXBuildFile; fileRef = F5580A531573AEB500865948 /* __default_star@2x.png */; };
		F527804915CFDCA7002D6D36 /* Foundation.framework in Frameworks */ = {isa = PBXBuildFile; fileRef = F527804815CFDCA7002D6D36 /* Foundation.framework */; };
		F527804B15CFDCB4002D6D36 /* UIKit.framework in Frameworks */ = {isa = PBXBuildFile; fileRef = F527804A15CFDCB4002D6D36 /* UIKit.framework */; };
		F527804D15CFDCBC002D6D36 /* QuartzCore.framework in Frameworks */ = {isa = PBXBuildFile; fileRef = F527804C15CFDCBC002D6D36 /* QuartzCore.framework */; };
		F527805D15CFDF0A002D6D36 /* TETableViewItem.m in Sources */ = {isa = PBXBuildFile; fileRef = F5FEE88D15B4063600AC5569 /* TETableViewItem.m */; };
		F5580A3A1573AEA000865948 /* TEModel.h in Headers */ = {isa = PBXBuildFile; fileRef = F5580A261573AEA000865948 /* TEModel.h */; settings = {ATTRIBUTES = (Public, ); }; };
		F5580A3B1573AEA000865948 /* TEModel.m in Sources */ = {isa = PBXBuildFile; fileRef = F5580A271573AEA000865948 /* TEModel.m */; };
		F5580A3E1573AEA000865948 /* TETableViewDataSource.h in Headers */ = {isa = PBXBuildFile; fileRef = F5580A2A1573AEA000865948 /* TETableViewDataSource.h */; settings = {ATTRIBUTES = (Public, ); }; };
		F5580A3F1573AEA000865948 /* TETableViewDataSource.m in Sources */ = {isa = PBXBuildFile; fileRef = F5580A2B1573AEA000865948 /* TETableViewDataSource.m */; };
		F5580A401573AEA000865948 /* TETableViewDelegate.h in Headers */ = {isa = PBXBuildFile; fileRef = F5580A2C1573AEA000865948 /* TETableViewDelegate.h */; settings = {ATTRIBUTES = (Public, ); }; };
		F5580A411573AEA000865948 /* TETableViewDelegate.m in Sources */ = {isa = PBXBuildFile; fileRef = F5580A2D1573AEA000865948 /* TETableViewDelegate.m */; };
		F5580A421573AEA000865948 /* TETableViewExpandableDataSource.h in Headers */ = {isa = PBXBuildFile; fileRef = F5580A2E1573AEA000865948 /* TETableViewExpandableDataSource.h */; settings = {ATTRIBUTES = (Public, ); }; };
		F5580A431573AEA000865948 /* TETableViewExpandableDataSource.m in Sources */ = {isa = PBXBuildFile; fileRef = F5580A2F1573AEA000865948 /* TETableViewExpandableDataSource.m */; };
		F5580A441573AEA000865948 /* TETableViewExpandableDelegate.h in Headers */ = {isa = PBXBuildFile; fileRef = F5580A301573AEA000865948 /* TETableViewExpandableDelegate.h */; settings = {ATTRIBUTES = (Public, ); }; };
		F5580A451573AEA000865948 /* TETableViewExpandableDelegate.m in Sources */ = {isa = PBXBuildFile; fileRef = F5580A311573AEA000865948 /* TETableViewExpandableDelegate.m */; };
		F5580A461573AEA000865948 /* TETableViewExpandableItem.h in Headers */ = {isa = PBXBuildFile; fileRef = F5580A321573AEA000865948 /* TETableViewExpandableItem.h */; settings = {ATTRIBUTES = (Public, ); }; };
		F5580A481573AEA000865948 /* TETableViewItem.h in Headers */ = {isa = PBXBuildFile; fileRef = F5580A341573AEA000865948 /* TETableViewItem.h */; settings = {ATTRIBUTES = (Public, ); }; };
		F5580A4A1573AEA000865948 /* TETableViewSectionDataSource.h in Headers */ = {isa = PBXBuildFile; fileRef = F5580A361573AEA000865948 /* TETableViewSectionDataSource.h */; settings = {ATTRIBUTES = (Public, ); }; };
		F5580A4B1573AEA000865948 /* TETableViewSectionDataSource.m in Sources */ = {isa = PBXBuildFile; fileRef = F5580A371573AEA000865948 /* TETableViewSectionDataSource.m */; };
		F5580A4C1573AEA000865948 /* TETableViewSectionExpandableDataSource.h in Headers */ = {isa = PBXBuildFile; fileRef = F5580A381573AEA000865948 /* TETableViewSectionExpandableDataSource.h */; settings = {ATTRIBUTES = (Public, ); }; };
		F5580A4D1573AEA000865948 /* TETableViewSectionExpandableDataSource.m in Sources */ = {isa = PBXBuildFile; fileRef = F5580A391573AEA000865948 /* TETableViewSectionExpandableDataSource.m */; };
		F5580A561573AEB500865948 /* TEStarRatingView.h in Headers */ = {isa = PBXBuildFile; fileRef = F5580A541573AEB500865948 /* TEStarRatingView.h */; settings = {ATTRIBUTES = (Public, ); }; };
		F5580A571573AEB500865948 /* TEStarRatingView.m in Sources */ = {isa = PBXBuildFile; fileRef = F5580A551573AEB500865948 /* TEStarRatingView.m */; };
		F5580A5F1573AECA00865948 /* AFUIImageReflection.h in Headers */ = {isa = PBXBuildFile; fileRef = F5580A591573AECA00865948 /* AFUIImageReflection.h */; settings = {ATTRIBUTES = (Public, ); }; };
		F5580A601573AECA00865948 /* AFUIImageReflection.m in Sources */ = {isa = PBXBuildFile; fileRef = F5580A5A1573AECA00865948 /* AFUIImageReflection.m */; };
		F5580A611573AECA00865948 /* TEGallery.h in Headers */ = {isa = PBXBuildFile; fileRef = F5580A5B1573AECA00865948 /* TEGallery.h */; settings = {ATTRIBUTES = (Public, ); }; };
		F5580A621573AECA00865948 /* TEGallery.m in Sources */ = {isa = PBXBuildFile; fileRef = F5580A5C1573AECA00865948 /* TEGallery.m */; };
		F5580A631573AECA00865948 /* TEPhoto.h in Headers */ = {isa = PBXBuildFile; fileRef = F5580A5D1573AECA00865948 /* TEPhoto.h */; settings = {ATTRIBUTES = (Public, ); }; };
		F5580A641573AECA00865948 /* TEPhoto.m in Sources */ = {isa = PBXBuildFile; fileRef = F5580A5E1573AECA00865948 /* TEPhoto.m */; };
		F5FD88C715C1260500AC4A60 /* NSMutableArray+WeakReference.h in Headers */ = {isa = PBXBuildFile; fileRef = F5FD88C515C1260500AC4A60 /* NSMutableArray+WeakReference.h */; settings = {ATTRIBUTES = (Public, ); }; };
		F5FD88C815C1260500AC4A60 /* NSMutableArray+WeakReference.m in Sources */ = {isa = PBXBuildFile; fileRef = F5FD88C615C1260500AC4A60 /* NSMutableArray+WeakReference.m */; };
		F5FD88D015C12E3300AC4A60 /* NSMutableArray+WeakReference.h in Headers */ = {isa = PBXBuildFile; fileRef = F5FD88C515C1260500AC4A60 /* NSMutableArray+WeakReference.h */; settings = {ATTRIBUTES = (Public, ); }; };
		F5FD88D115C12E4900AC4A60 /* NSMutableArray+WeakReference.m in Sources */ = {isa = PBXBuildFile; fileRef = F5FD88C615C1260500AC4A60 /* NSMutableArray+WeakReference.m */; };
		F5FEE88E15B4063600AC5569 /* TETableViewItem.m in Sources */ = {isa = PBXBuildFile; fileRef = F5FEE88D15B4063600AC5569 /* TETableViewItem.m */; };
/* End PBXBuildFile section */

/* Begin PBXFileReference section */
		3A15DA9D158A697A005DB057 /* ARCSingleton.h */ = {isa = PBXFileReference; lastKnownFileType = sourcecode.c.h; path = ARCSingleton.h; sourceTree = "<group>"; };
		3A98D4BC15E0CF7A00C9F564 /* TESwitchCell.h */ = {isa = PBXFileReference; fileEncoding = 4; lastKnownFileType = sourcecode.c.h; name = TESwitchCell.h; path = TETableView/TESwitchCell.h; sourceTree = "<group>"; };
		3A98D4BD15E0CF7A00C9F564 /* TESwitchCell.m */ = {isa = PBXFileReference; fileEncoding = 4; lastKnownFileType = sourcecode.c.objc; name = TESwitchCell.m; path = TETableView/TESwitchCell.m; sourceTree = "<group>"; };
		3A98D4C015E0D02A00C9F564 /* TETableViewCells.xib */ = {isa = PBXFileReference; fileEncoding = 4; lastKnownFileType = file.xib; path = TETableViewCells.xib; sourceTree = "<group>"; };
		3A98D4C315E0D18700C9F564 /* TESelectCell.h */ = {isa = PBXFileReference; fileEncoding = 4; lastKnownFileType = sourcecode.c.h; name = TESelectCell.h; path = TETableView/TESelectCell.h; sourceTree = "<group>"; };
		3A98D4C415E0D18700C9F564 /* TESelectCell.m */ = {isa = PBXFileReference; fileEncoding = 4; lastKnownFileType = sourcecode.c.objc; name = TESelectCell.m; path = TETableView/TESelectCell.m; sourceTree = "<group>"; };
		3A98D4C715E0D1C500C9F564 /* TETextFieldCell.h */ = {isa = PBXFileReference; fileEncoding = 4; lastKnownFileType = sourcecode.c.h; name = TETextFieldCell.h; path = TETableView/TETextFieldCell.h; sourceTree = "<group>"; };
		3A98D4C815E0D1C500C9F564 /* TETextFieldCell.m */ = {isa = PBXFileReference; fileEncoding = 4; lastKnownFileType = sourcecode.c.objc; name = TETextFieldCell.m; path = TETableView/TETextFieldCell.m; sourceTree = "<group>"; };
		3A98D4CC15E0D57D00C9F564 /* TESwitchItem.h */ = {isa = PBXFileReference; fileEncoding = 4; lastKnownFileType = sourcecode.c.h; name = TESwitchItem.h; path = TETableView/TESwitchItem.h; sourceTree = "<group>"; };
		3A98D4CD15E0D57D00C9F564 /* TESwitchItem.m */ = {isa = PBXFileReference; fileEncoding = 4; lastKnownFileType = sourcecode.c.objc; name = TESwitchItem.m; path = TETableView/TESwitchItem.m; sourceTree = "<group>"; };
		3A98D4D015E0D58F00C9F564 /* TESelectItem.h */ = {isa = PBXFileReference; fileEncoding = 4; lastKnownFileType = sourcecode.c.h; name = TESelectItem.h; path = TETableView/TESelectItem.h; sourceTree = "<group>"; };
		3A98D4D115E0D58F00C9F564 /* TESelectItem.m */ = {isa = PBXFileReference; fileEncoding = 4; lastKnownFileType = sourcecode.c.objc; name = TESelectItem.m; path = TETableView/TESelectItem.m; sourceTree = "<group>"; };
		3A98D4D415E0D59F00C9F564 /* TETextFieldItem.h */ = {isa = PBXFileReference; fileEncoding = 4; lastKnownFileType = sourcecode.c.h; name = TETextFieldItem.h; path = TETableView/TETextFieldItem.h; sourceTree = "<group>"; };
		3A98D4D515E0D59F00C9F564 /* TETextFieldItem.m */ = {isa = PBXFileReference; fileEncoding = 4; lastKnownFileType = sourcecode.c.objc; name = TETextFieldItem.m; path = TETableView/TETextFieldItem.m; sourceTree = "<group>"; };
		3AD064C81574092600C6DAA6 /* NSString+URLEncode.h */ = {isa = PBXFileReference; fileEncoding = 4; lastKnownFileType = sourcecode.c.h; name = "NSString+URLEncode.h"; path = "TEImageLoader/NSString+URLEncode.h"; sourceTree = "<group>"; };
		3AD064C91574092600C6DAA6 /* NSString+URLEncode.m */ = {isa = PBXFileReference; fileEncoding = 4; lastKnownFileType = sourcecode.c.objc; name = "NSString+URLEncode.m"; path = "TEImageLoader/NSString+URLEncode.m"; sourceTree = "<group>"; };
		3AD064CA1574092600C6DAA6 /* TEImageLoader.h */ = {isa = PBXFileReference; fileEncoding = 4; lastKnownFileType = sourcecode.c.h; name = TEImageLoader.h; path = TEImageLoader/TEImageLoader.h; sourceTree = "<group>"; };
		3AD064CB1574092600C6DAA6 /* TEImageLoader.m */ = {isa = PBXFileReference; fileEncoding = 4; lastKnownFileType = sourcecode.c.objc; name = TEImageLoader.m; path = TEImageLoader/TEImageLoader.m; sourceTree = "<group>"; };
		3AD064D115740D1100C6DAA6 /* TEStrikeThroughLabel.h */ = {isa = PBXFileReference; fileEncoding = 4; lastKnownFileType = sourcecode.c.h; name = TEStrikeThroughLabel.h; path = TEStrikeThroughLabel/TEStrikeThroughLabel.h; sourceTree = "<group>"; };
		3AD064D215740D1100C6DAA6 /* TEStrikeThroughLabel.m */ = {isa = PBXFileReference; fileEncoding = 4; lastKnownFileType = sourcecode.c.objc; name = TEStrikeThroughLabel.m; path = TEStrikeThroughLabel/TEStrikeThroughLabel.m; sourceTree = "<group>"; };
		3AD064D615740DBA00C6DAA6 /* TELoadingImageView.h */ = {isa = PBXFileReference; fileEncoding = 4; lastKnownFileType = sourcecode.c.h; name = TELoadingImageView.h; path = TELoadingImageView/TELoadingImageView.h; sourceTree = "<group>"; };
		3AD064D715740DBA00C6DAA6 /* TELoadingImageView.m */ = {isa = PBXFileReference; fileEncoding = 4; lastKnownFileType = sourcecode.c.objc; name = TELoadingImageView.m; path = TELoadingImageView/TELoadingImageView.m; sourceTree = "<group>"; };
		3AD064D815740DBA00C6DAA6 /* TERoundedCornerImageView.h */ = {isa = PBXFileReference; fileEncoding = 4; lastKnownFileType = sourcecode.c.h; name = TERoundedCornerImageView.h; path = TELoadingImageView/TERoundedCornerImageView.h; sourceTree = "<group>"; };
		3AD064D915740DBA00C6DAA6 /* TERoundedCornerImageView.m */ = {isa = PBXFileReference; fileEncoding = 4; lastKnownFileType = sourcecode.c.objc; name = TERoundedCornerImageView.m; path = TELoadingImageView/TERoundedCornerImageView.m; sourceTree = "<group>"; };
		3AF6C7FD157FC13800AA2923 /* UIView+Animations.h */ = {isa = PBXFileReference; fileEncoding = 4; lastKnownFileType = sourcecode.c.h; name = "UIView+Animations.h"; path = "Extensions/UIView+Animations.h"; sourceTree = "<group>"; };
		3AF6C7FE157FC13800AA2923 /* UIView+Animations.m */ = {isa = PBXFileReference; fileEncoding = 4; lastKnownFileType = sourcecode.c.objc; name = "UIView+Animations.m"; path = "Extensions/UIView+Animations.m"; sourceTree = "<group>"; };
		3AF6C827158914D500AA2923 /* TUKit.h */ = {isa = PBXFileReference; lastKnownFileType = sourcecode.c.h; path = TUKit.h; sourceTree = "<group>"; };
		3AF6C8291589150E00AA2923 /* TETableView.h */ = {isa = PBXFileReference; lastKnownFileType = sourcecode.c.h; name = TETableView.h; path = TETableView/TETableView.h; sourceTree = "<group>"; };
		F501A8B515874B5200E784DD /* TUKit.framework */ = {isa = PBXFileReference; explicitFileType = wrapper.cfbundle; includeInIndex = 0; path = TUKit.framework; sourceTree = BUILT_PRODUCTS_DIR; };
		F501A8BA15874B5200E784DD /* TUKit-Info.plist */ = {isa = PBXFileReference; lastKnownFileType = text.plist.xml; path = "TUKit-Info.plist"; sourceTree = "<group>"; };
		F501A8BC15874B5200E784DD /* en */ = {isa = PBXFileReference; lastKnownFileType = text.plist.strings; name = en; path = en.lproj/InfoPlist.strings; sourceTree = "<group>"; };
		F501A8BE15874B5200E784DD /* TUKit-Prefix.pch */ = {isa = PBXFileReference; lastKnownFileType = sourcecode.c.h; path = "TUKit-Prefix.pch"; sourceTree = "<group>"; };
		F526EED1158770A8003B148A /* TUKitResources.bundle */ = {isa = PBXFileReference; explicitFileType = wrapper.cfbundle; includeInIndex = 0; path = TUKitResources.bundle; sourceTree = BUILT_PRODUCTS_DIR; };
		F526EED6158770A8003B148A /* TUKitResources-Info.plist */ = {isa = PBXFileReference; lastKnownFileType = text.plist.xml; path = "TUKitResources-Info.plist"; sourceTree = "<group>"; };
		F526EED8158770A8003B148A /* en */ = {isa = PBXFileReference; lastKnownFileType = text.plist.strings; name = en; path = en.lproj/InfoPlist.strings; sourceTree = "<group>"; };
		F526EEDA158770A8003B148A /* TUKitResources-Prefix.pch */ = {isa = PBXFileReference; lastKnownFileType = sourcecode.c.h; path = "TUKitResources-Prefix.pch"; sourceTree = "<group>"; };
		F527804815CFDCA7002D6D36 /* Foundation.framework */ = {isa = PBXFileReference; lastKnownFileType = wrapper.framework; name = Foundation.framework; path = System/Library/Frameworks/Foundation.framework; sourceTree = SDKROOT; };
		F527804A15CFDCB4002D6D36 /* UIKit.framework */ = {isa = PBXFileReference; lastKnownFileType = wrapper.framework; name = UIKit.framework; path = System/Library/Frameworks/UIKit.framework; sourceTree = SDKROOT; };
		F527804C15CFDCBC002D6D36 /* QuartzCore.framework */ = {isa = PBXFileReference; lastKnownFileType = wrapper.framework; name = QuartzCore.framework; path = System/Library/Frameworks/QuartzCore.framework; sourceTree = SDKROOT; };
		F5580A0F1573AD0100865948 /* libTUKit.a */ = {isa = PBXFileReference; explicitFileType = archive.ar; includeInIndex = 0; path = libTUKit.a; sourceTree = BUILT_PRODUCTS_DIR; };
		F5580A161573AD0100865948 /* libTUKit-Prefix.pch */ = {isa = PBXFileReference; lastKnownFileType = sourcecode.c.h; path = "libTUKit-Prefix.pch"; sourceTree = "<group>"; };
		F5580A261573AEA000865948 /* TEModel.h */ = {isa = PBXFileReference; fileEncoding = 4; lastKnownFileType = sourcecode.c.h; name = TEModel.h; path = TETableView/TEModel.h; sourceTree = "<group>"; };
		F5580A271573AEA000865948 /* TEModel.m */ = {isa = PBXFileReference; fileEncoding = 4; lastKnownFileType = sourcecode.c.objc; name = TEModel.m; path = TETableView/TEModel.m; sourceTree = "<group>"; };
		F5580A2A1573AEA000865948 /* TETableViewDataSource.h */ = {isa = PBXFileReference; fileEncoding = 4; lastKnownFileType = sourcecode.c.h; name = TETableViewDataSource.h; path = TETableView/TETableViewDataSource.h; sourceTree = "<group>"; };
		F5580A2B1573AEA000865948 /* TETableViewDataSource.m */ = {isa = PBXFileReference; fileEncoding = 4; lastKnownFileType = sourcecode.c.objc; name = TETableViewDataSource.m; path = TETableView/TETableViewDataSource.m; sourceTree = "<group>"; };
		F5580A2C1573AEA000865948 /* TETableViewDelegate.h */ = {isa = PBXFileReference; fileEncoding = 4; lastKnownFileType = sourcecode.c.h; name = TETableViewDelegate.h; path = TETableView/TETableViewDelegate.h; sourceTree = "<group>"; };
		F5580A2D1573AEA000865948 /* TETableViewDelegate.m */ = {isa = PBXFileReference; fileEncoding = 4; lastKnownFileType = sourcecode.c.objc; name = TETableViewDelegate.m; path = TETableView/TETableViewDelegate.m; sourceTree = "<group>"; };
		F5580A2E1573AEA000865948 /* TETableViewExpandableDataSource.h */ = {isa = PBXFileReference; fileEncoding = 4; lastKnownFileType = sourcecode.c.h; name = TETableViewExpandableDataSource.h; path = TETableView/TETableViewExpandableDataSource.h; sourceTree = "<group>"; };
		F5580A2F1573AEA000865948 /* TETableViewExpandableDataSource.m */ = {isa = PBXFileReference; fileEncoding = 4; lastKnownFileType = sourcecode.c.objc; name = TETableViewExpandableDataSource.m; path = TETableView/TETableViewExpandableDataSource.m; sourceTree = "<group>"; };
		F5580A301573AEA000865948 /* TETableViewExpandableDelegate.h */ = {isa = PBXFileReference; fileEncoding = 4; lastKnownFileType = sourcecode.c.h; name = TETableViewExpandableDelegate.h; path = TETableView/TETableViewExpandableDelegate.h; sourceTree = "<group>"; };
		F5580A311573AEA000865948 /* TETableViewExpandableDelegate.m */ = {isa = PBXFileReference; fileEncoding = 4; lastKnownFileType = sourcecode.c.objc; name = TETableViewExpandableDelegate.m; path = TETableView/TETableViewExpandableDelegate.m; sourceTree = "<group>"; };
		F5580A321573AEA000865948 /* TETableViewExpandableItem.h */ = {isa = PBXFileReference; fileEncoding = 4; lastKnownFileType = sourcecode.c.h; name = TETableViewExpandableItem.h; path = TETableView/TETableViewExpandableItem.h; sourceTree = "<group>"; };
		F5580A341573AEA000865948 /* TETableViewItem.h */ = {isa = PBXFileReference; fileEncoding = 4; lastKnownFileType = sourcecode.c.h; name = TETableViewItem.h; path = TETableView/TETableViewItem.h; sourceTree = "<group>"; };
		F5580A361573AEA000865948 /* TETableViewSectionDataSource.h */ = {isa = PBXFileReference; fileEncoding = 4; lastKnownFileType = sourcecode.c.h; name = TETableViewSectionDataSource.h; path = TETableView/TETableViewSectionDataSource.h; sourceTree = "<group>"; };
		F5580A371573AEA000865948 /* TETableViewSectionDataSource.m */ = {isa = PBXFileReference; fileEncoding = 4; lastKnownFileType = sourcecode.c.objc; name = TETableViewSectionDataSource.m; path = TETableView/TETableViewSectionDataSource.m; sourceTree = "<group>"; };
		F5580A381573AEA000865948 /* TETableViewSectionExpandableDataSource.h */ = {isa = PBXFileReference; fileEncoding = 4; lastKnownFileType = sourcecode.c.h; name = TETableViewSectionExpandableDataSource.h; path = TETableView/TETableViewSectionExpandableDataSource.h; sourceTree = "<group>"; };
		F5580A391573AEA000865948 /* TETableViewSectionExpandableDataSource.m */ = {isa = PBXFileReference; fileEncoding = 4; lastKnownFileType = sourcecode.c.objc; name = TETableViewSectionExpandableDataSource.m; path = TETableView/TETableViewSectionExpandableDataSource.m; sourceTree = "<group>"; };
		F5580A501573AEB500865948 /* __default_highlighted_star.png */ = {isa = PBXFileReference; lastKnownFileType = image.png; path = __default_highlighted_star.png; sourceTree = "<group>"; };
		F5580A511573AEB500865948 /* __default_highlighted_star@2x.png */ = {isa = PBXFileReference; lastKnownFileType = image.png; path = "__default_highlighted_star@2x.png"; sourceTree = "<group>"; };
		F5580A521573AEB500865948 /* __default_star.png */ = {isa = PBXFileReference; lastKnownFileType = image.png; path = __default_star.png; sourceTree = "<group>"; };
		F5580A531573AEB500865948 /* __default_star@2x.png */ = {isa = PBXFileReference; lastKnownFileType = image.png; path = "__default_star@2x.png"; sourceTree = "<group>"; };
		F5580A541573AEB500865948 /* TEStarRatingView.h */ = {isa = PBXFileReference; fileEncoding = 4; lastKnownFileType = sourcecode.c.h; name = TEStarRatingView.h; path = TEStarRating/TEStarRatingView.h; sourceTree = "<group>"; };
		F5580A551573AEB500865948 /* TEStarRatingView.m */ = {isa = PBXFileReference; fileEncoding = 4; lastKnownFileType = sourcecode.c.objc; name = TEStarRatingView.m; path = TEStarRating/TEStarRatingView.m; sourceTree = "<group>"; };
		F5580A591573AECA00865948 /* AFUIImageReflection.h */ = {isa = PBXFileReference; fileEncoding = 4; lastKnownFileType = sourcecode.c.h; name = AFUIImageReflection.h; path = TEGallery/AFUIImageReflection.h; sourceTree = "<group>"; };
		F5580A5A1573AECA00865948 /* AFUIImageReflection.m */ = {isa = PBXFileReference; fileEncoding = 4; lastKnownFileType = sourcecode.c.objc; name = AFUIImageReflection.m; path = TEGallery/AFUIImageReflection.m; sourceTree = "<group>"; };
		F5580A5B1573AECA00865948 /* TEGallery.h */ = {isa = PBXFileReference; fileEncoding = 4; lastKnownFileType = sourcecode.c.h; name = TEGallery.h; path = TEGallery/TEGallery.h; sourceTree = "<group>"; };
		F5580A5C1573AECA00865948 /* TEGallery.m */ = {isa = PBXFileReference; fileEncoding = 4; lastKnownFileType = sourcecode.c.objc; name = TEGallery.m; path = TEGallery/TEGallery.m; sourceTree = "<group>"; };
		F5580A5D1573AECA00865948 /* TEPhoto.h */ = {isa = PBXFileReference; fileEncoding = 4; lastKnownFileType = sourcecode.c.h; name = TEPhoto.h; path = TEGallery/TEPhoto.h; sourceTree = "<group>"; };
		F5580A5E1573AECA00865948 /* TEPhoto.m */ = {isa = PBXFileReference; fileEncoding = 4; lastKnownFileType = sourcecode.c.objc; name = TEPhoto.m; path = TEGallery/TEPhoto.m; sourceTree = "<group>"; };
		F5580A651573AEF900865948 /* TEDebug.h */ = {isa = PBXFileReference; lastKnownFileType = sourcecode.c.h; path = TEDebug.h; sourceTree = "<group>"; };
		F5580A691573B80700865948 /* TEArcCompatible.h */ = {isa = PBXFileReference; lastKnownFileType = sourcecode.c.h; path = TEArcCompatible.h; sourceTree = "<group>"; };
		F5FD88C515C1260500AC4A60 /* NSMutableArray+WeakReference.h */ = {isa = PBXFileReference; fileEncoding = 4; lastKnownFileType = sourcecode.c.h; name = "NSMutableArray+WeakReference.h"; path = "Extensions/NSMutableArray+WeakReference.h"; sourceTree = "<group>"; };
		F5FD88C615C1260500AC4A60 /* NSMutableArray+WeakReference.m */ = {isa = PBXFileReference; fileEncoding = 4; lastKnownFileType = sourcecode.c.objc; name = "NSMutableArray+WeakReference.m"; path = "Extensions/NSMutableArray+WeakReference.m"; sourceTree = "<group>"; };
		F5FEE88D15B4063600AC5569 /* TETableViewItem.m */ = {isa = PBXFileReference; fileEncoding = 4; lastKnownFileType = sourcecode.c.objc; name = TETableViewItem.m; path = TETableView/TETableViewItem.m; sourceTree = "<group>"; };
/* End PBXFileReference section */

/* Begin PBXFrameworksBuildPhase section */
		F501A8B215874B5100E784DD /* Frameworks */ = {
			isa = PBXFrameworksBuildPhase;
			buildActionMask = 2147483647;
			files = (
			);
			runOnlyForDeploymentPostprocessing = 0;
		};
		F526EECE158770A8003B148A /* Frameworks */ = {
			isa = PBXFrameworksBuildPhase;
			buildActionMask = 2147483647;
			files = (
			);
			runOnlyForDeploymentPostprocessing = 0;
		};
		F5580A0C1573AD0100865948 /* Frameworks */ = {
			isa = PBXFrameworksBuildPhase;
			buildActionMask = 2147483647;
			files = (
				F527804D15CFDCBC002D6D36 /* QuartzCore.framework in Frameworks */,
				F527804B15CFDCB4002D6D36 /* UIKit.framework in Frameworks */,
				F527804915CFDCA7002D6D36 /* Foundation.framework in Frameworks */,
			);
			runOnlyForDeploymentPostprocessing = 0;
		};
/* End PBXFrameworksBuildPhase section */

/* Begin PBXGroup section */
		3A98D4B915E0CEEF00C9F564 /* Cells */ = {
			isa = PBXGroup;
			children = (
				3A98D4C015E0D02A00C9F564 /* TETableViewCells.xib */,
				3A98D4BC15E0CF7A00C9F564 /* TESwitchCell.h */,
				3A98D4BD15E0CF7A00C9F564 /* TESwitchCell.m */,
				3A98D4C315E0D18700C9F564 /* TESelectCell.h */,
				3A98D4C415E0D18700C9F564 /* TESelectCell.m */,
				3A98D4C715E0D1C500C9F564 /* TETextFieldCell.h */,
				3A98D4C815E0D1C500C9F564 /* TETextFieldCell.m */,
			);
			name = Cells;
			sourceTree = "<group>";
		};
		3A98D4BB15E0CF2F00C9F564 /* Items */ = {
			isa = PBXGroup;
			children = (
				3A98D4CC15E0D57D00C9F564 /* TESwitchItem.h */,
				3A98D4CD15E0D57D00C9F564 /* TESwitchItem.m */,
				3A98D4D015E0D58F00C9F564 /* TESelectItem.h */,
				3A98D4D115E0D58F00C9F564 /* TESelectItem.m */,
				3A98D4D415E0D59F00C9F564 /* TETextFieldItem.h */,
				3A98D4D515E0D59F00C9F564 /* TETextFieldItem.m */,
			);
			name = Items;
			sourceTree = "<group>";
		};
		3AD064C6157408D300C6DAA6 /* TEImageLoader */ = {
			isa = PBXGroup;
			children = (
				3AD064C81574092600C6DAA6 /* NSString+URLEncode.h */,
				3AD064C91574092600C6DAA6 /* NSString+URLEncode.m */,
				3AD064CA1574092600C6DAA6 /* TEImageLoader.h */,
				3AD064CB1574092600C6DAA6 /* TEImageLoader.m */,
			);
			name = TEImageLoader;
			sourceTree = "<group>";
		};
		3AD064D015740D0600C6DAA6 /* TEStrikeThroughLabel */ = {
			isa = PBXGroup;
			children = (
				3AD064D115740D1100C6DAA6 /* TEStrikeThroughLabel.h */,
				3AD064D215740D1100C6DAA6 /* TEStrikeThroughLabel.m */,
			);
			name = TEStrikeThroughLabel;
			sourceTree = "<group>";
		};
		3AD064D515740DAB00C6DAA6 /* TELoadingImageView */ = {
			isa = PBXGroup;
			children = (
				3AD064D615740DBA00C6DAA6 /* TELoadingImageView.h */,
				3AD064D715740DBA00C6DAA6 /* TELoadingImageView.m */,
				3AD064D815740DBA00C6DAA6 /* TERoundedCornerImageView.h */,
				3AD064D915740DBA00C6DAA6 /* TERoundedCornerImageView.m */,
			);
			name = TELoadingImageView;
			sourceTree = "<group>";
		};
		3AF6C7FB157FC10C00AA2923 /* Extensions */ = {
			isa = PBXGroup;
			children = (
				F5FD88C515C1260500AC4A60 /* NSMutableArray+WeakReference.h */,
				F5FD88C615C1260500AC4A60 /* NSMutableArray+WeakReference.m */,
				3AF6C7FD157FC13800AA2923 /* UIView+Animations.h */,
				3AF6C7FE157FC13800AA2923 /* UIView+Animations.m */,
			);
			name = Extensions;
			sourceTree = "<group>";
		};
		F501A8B815874B5200E784DD /* TUKit */ = {
			isa = PBXGroup;
			children = (
				F501A8B915874B5200E784DD /* Supporting Files */,
			);
			path = TUKit;
			sourceTree = "<group>";
		};
		F501A8B915874B5200E784DD /* Supporting Files */ = {
			isa = PBXGroup;
			children = (
				F501A8BA15874B5200E784DD /* TUKit-Info.plist */,
				F501A8BB15874B5200E784DD /* InfoPlist.strings */,
				F501A8BE15874B5200E784DD /* TUKit-Prefix.pch */,
			);
			name = "Supporting Files";
			sourceTree = "<group>";
		};
		F526EED4158770A8003B148A /* TUKitResources */ = {
			isa = PBXGroup;
			children = (
				F526EED5158770A8003B148A /* Supporting Files */,
			);
			path = TUKitResources;
			sourceTree = "<group>";
		};
		F526EED5158770A8003B148A /* Supporting Files */ = {
			isa = PBXGroup;
			children = (
				F526EED6158770A8003B148A /* TUKitResources-Info.plist */,
				F526EED7158770A8003B148A /* InfoPlist.strings */,
				F526EEDA158770A8003B148A /* TUKitResources-Prefix.pch */,
			);
			name = "Supporting Files";
			sourceTree = "<group>";
		};
		F5580A041573AD0100865948 = {
			isa = PBXGroup;
			children = (
				F5580A141573AD0100865948 /* libTUKit */,
				F501A8B815874B5200E784DD /* TUKit */,
				F526EED4158770A8003B148A /* TUKitResources */,
				F5580A111573AD0100865948 /* Frameworks */,
				F5580A101573AD0100865948 /* Products */,
			);
			sourceTree = "<group>";
		};
		F5580A101573AD0100865948 /* Products */ = {
			isa = PBXGroup;
			children = (
				F5580A0F1573AD0100865948 /* libTUKit.a */,
				F501A8B515874B5200E784DD /* TUKit.framework */,
				F526EED1158770A8003B148A /* TUKitResources.bundle */,
			);
			name = Products;
			sourceTree = "<group>";
		};
		F5580A111573AD0100865948 /* Frameworks */ = {
			isa = PBXGroup;
			children = (
				F527804C15CFDCBC002D6D36 /* QuartzCore.framework */,
				F527804A15CFDCB4002D6D36 /* UIKit.framework */,
				F527804815CFDCA7002D6D36 /* Foundation.framework */,
			);
			name = Frameworks;
			sourceTree = "<group>";
		};
		F5580A141573AD0100865948 /* libTUKit */ = {
			isa = PBXGroup;
			children = (
				3AF6C7FB157FC10C00AA2923 /* Extensions */,
				3AD064D515740DAB00C6DAA6 /* TELoadingImageView */,
				3AD064D015740D0600C6DAA6 /* TEStrikeThroughLabel */,
				3AD064C6157408D300C6DAA6 /* TEImageLoader */,
				F5580A581573AEBE00865948 /* TEGallery */,
				F5580A4E1573AEA700865948 /* TEStarRating */,
				F5580A251573AD4100865948 /* TETableView */,
				F5580A651573AEF900865948 /* TEDebug.h */,
				F5580A691573B80700865948 /* TEArcCompatible.h */,
				3A15DA9D158A697A005DB057 /* ARCSingleton.h */,
				3AF6C827158914D500AA2923 /* TUKit.h */,
				F5580A151573AD0100865948 /* Supporting Files */,
			);
			path = libTUKit;
			sourceTree = "<group>";
		};
		F5580A151573AD0100865948 /* Supporting Files */ = {
			isa = PBXGroup;
			children = (
				F5580A161573AD0100865948 /* libTUKit-Prefix.pch */,
			);
			name = "Supporting Files";
			sourceTree = "<group>";
		};
		F5580A251573AD4100865948 /* TETableView */ = {
			isa = PBXGroup;
			children = (
				3A98D4BB15E0CF2F00C9F564 /* Items */,
				3A98D4B915E0CEEF00C9F564 /* Cells */,
				F5580A261573AEA000865948 /* TEModel.h */,
				F5580A271573AEA000865948 /* TEModel.m */,
				F5580A341573AEA000865948 /* TETableViewItem.h */,
				F5FEE88D15B4063600AC5569 /* TETableViewItem.m */,
				F5580A321573AEA000865948 /* TETableViewExpandableItem.h */,
				F5580A2A1573AEA000865948 /* TETableViewDataSource.h */,
				F5580A2B1573AEA000865948 /* TETableViewDataSource.m */,
				F5580A2C1573AEA000865948 /* TETableViewDelegate.h */,
				F5580A2D1573AEA000865948 /* TETableViewDelegate.m */,
				F5580A2E1573AEA000865948 /* TETableViewExpandableDataSource.h */,
				F5580A2F1573AEA000865948 /* TETableViewExpandableDataSource.m */,
				F5580A301573AEA000865948 /* TETableViewExpandableDelegate.h */,
				F5580A311573AEA000865948 /* TETableViewExpandableDelegate.m */,
				F5580A361573AEA000865948 /* TETableViewSectionDataSource.h */,
				F5580A371573AEA000865948 /* TETableViewSectionDataSource.m */,
				F5580A381573AEA000865948 /* TETableViewSectionExpandableDataSource.h */,
				F5580A391573AEA000865948 /* TETableViewSectionExpandableDataSource.m */,
				3AF6C8291589150E00AA2923 /* TETableView.h */,
			);
			name = TETableView;
			sourceTree = "<group>";
		};
		F5580A4E1573AEA700865948 /* TEStarRating */ = {
			isa = PBXGroup;
			children = (
				F5580A4F1573AEB500865948 /* images */,
				F5580A541573AEB500865948 /* TEStarRatingView.h */,
				F5580A551573AEB500865948 /* TEStarRatingView.m */,
			);
			name = TEStarRating;
			sourceTree = "<group>";
		};
		F5580A4F1573AEB500865948 /* images */ = {
			isa = PBXGroup;
			children = (
				F5580A501573AEB500865948 /* __default_highlighted_star.png */,
				F5580A511573AEB500865948 /* __default_highlighted_star@2x.png */,
				F5580A521573AEB500865948 /* __default_star.png */,
				F5580A531573AEB500865948 /* __default_star@2x.png */,
			);
			name = images;
			path = TEStarRating/images;
			sourceTree = "<group>";
		};
		F5580A581573AEBE00865948 /* TEGallery */ = {
			isa = PBXGroup;
			children = (
				F5580A591573AECA00865948 /* AFUIImageReflection.h */,
				F5580A5A1573AECA00865948 /* AFUIImageReflection.m */,
				F5580A5B1573AECA00865948 /* TEGallery.h */,
				F5580A5C1573AECA00865948 /* TEGallery.m */,
				F5580A5D1573AECA00865948 /* TEPhoto.h */,
				F5580A5E1573AECA00865948 /* TEPhoto.m */,
			);
			name = TEGallery;
			sourceTree = "<group>";
		};
/* End PBXGroup section */

/* Begin PBXHeadersBuildPhase section */
		F501A8C215874CAC00E784DD /* Headers */ = {
			isa = PBXHeadersBuildPhase;
			buildActionMask = 2147483647;
			files = (
				F501A8DA1587623400E784DD /* UIView+Animations.h in Headers */,
				F501A8DB1587623400E784DD /* TELoadingImageView.h in Headers */,
				F501A8DC1587623400E784DD /* TERoundedCornerImageView.h in Headers */,
				F501A8DD1587623400E784DD /* TEStrikeThroughLabel.h in Headers */,
				F501A8DE1587623400E784DD /* NSString+URLEncode.h in Headers */,
				F501A8DF1587623400E784DD /* TEImageLoader.h in Headers */,
				F501A8E01587623400E784DD /* AFUIImageReflection.h in Headers */,
				F501A8E11587623400E784DD /* TEGallery.h in Headers */,
				F501A8E21587623400E784DD /* TEPhoto.h in Headers */,
				F501A8E31587623400E784DD /* TEStarRatingView.h in Headers */,
				F501A8E41587623400E784DD /* TEModel.h in Headers */,
				F501A8E51587623400E784DD /* TETableViewItem.h in Headers */,
				F501A8E61587623400E784DD /* TETableViewExpandableItem.h in Headers */,
				F501A8E71587623400E784DD /* TETableViewDataSource.h in Headers */,
				F501A8E81587623400E784DD /* TETableViewDelegate.h in Headers */,
				F501A8E91587623400E784DD /* TETableViewExpandableDataSource.h in Headers */,
				F501A8EA1587623400E784DD /* TETableViewExpandableDelegate.h in Headers */,
				F501A8EB1587623400E784DD /* TETableViewSectionDataSource.h in Headers */,
				F501A8EC1587623400E784DD /* TETableViewSectionExpandableDataSource.h in Headers */,
				3A98D4E015E0E64500C9F564 /* TESwitchItem.h in Headers */,
				3A98D4E115E0E64500C9F564 /* TESelectItem.h in Headers */,
				3A98D4E215E0E64500C9F564 /* TETextFieldItem.h in Headers */,
				F501A8ED1587623400E784DD /* TEDebug.h in Headers */,
				3AF6C82D158915F400AA2923 /* TETableView.h in Headers */,
				3AF6C82C158915EE00AA2923 /* TUKit.h in Headers */,
				F501A8EE1587623400E784DD /* TEArcCompatible.h in Headers */,
				F5FD88D015C12E3300AC4A60 /* NSMutableArray+WeakReference.h in Headers */,
			);
			runOnlyForDeploymentPostprocessing = 0;
		};
		F5580A0D1573AD0100865948 /* Headers */ = {
			isa = PBXHeadersBuildPhase;
			buildActionMask = 2147483647;
			files = (
				3AF6C82B1589157400AA2923 /* TETableView.h in Headers */,
				3AF6C82A1589156D00AA2923 /* TUKit.h in Headers */,
				F5580A3A1573AEA000865948 /* TEModel.h in Headers */,
				F5580A3E1573AEA000865948 /* TETableViewDataSource.h in Headers */,
				F5580A401573AEA000865948 /* TETableViewDelegate.h in Headers */,
				F5580A421573AEA000865948 /* TETableViewExpandableDataSource.h in Headers */,
				F5580A441573AEA000865948 /* TETableViewExpandableDelegate.h in Headers */,
				F5580A461573AEA000865948 /* TETableViewExpandableItem.h in Headers */,
				F5580A481573AEA000865948 /* TETableViewItem.h in Headers */,
				F5580A4A1573AEA000865948 /* TETableViewSectionDataSource.h in Headers */,
				F5580A4C1573AEA000865948 /* TETableViewSectionExpandableDataSource.h in Headers */,
				F5580A561573AEB500865948 /* TEStarRatingView.h in Headers */,
				F5580A5F1573AECA00865948 /* AFUIImageReflection.h in Headers */,
				F5580A611573AECA00865948 /* TEGallery.h in Headers */,
				F5580A631573AECA00865948 /* TEPhoto.h in Headers */,
				3AD064CC1574092600C6DAA6 /* NSString+URLEncode.h in Headers */,
				3AD064CE1574092600C6DAA6 /* TEImageLoader.h in Headers */,
				3AD064D315740D1100C6DAA6 /* TEStrikeThroughLabel.h in Headers */,
				3AD064DA15740DBA00C6DAA6 /* TELoadingImageView.h in Headers */,
				3AD064DC15740DBA00C6DAA6 /* TERoundedCornerImageView.h in Headers */,
				3AF6C7FF157FC13800AA2923 /* UIView+Animations.h in Headers */,
				F5FD88C715C1260500AC4A60 /* NSMutableArray+WeakReference.h in Headers */,
				3A98D4CE15E0D57D00C9F564 /* TESwitchItem.h in Headers */,
				3A98D4D215E0D58F00C9F564 /* TESelectItem.h in Headers */,
				3A98D4D615E0D59F00C9F564 /* TETextFieldItem.h in Headers */,
			);
			runOnlyForDeploymentPostprocessing = 0;
		};
/* End PBXHeadersBuildPhase section */

/* Begin PBXNativeTarget section */
		F501A8B415874B5100E784DD /* TUKit */ = {
			isa = PBXNativeTarget;
			buildConfigurationList = F501A8BF15874B5200E784DD /* Build configuration list for PBXNativeTarget "TUKit" */;
			buildPhases = (
				F501A8B115874B5100E784DD /* Sources */,
				F501A8B215874B5100E784DD /* Frameworks */,
				F501A8B315874B5100E784DD /* Resources */,
				F501A8C215874CAC00E784DD /* Headers */,
			);
			buildRules = (
			);
			dependencies = (
			);
			name = TUKit;
			productName = TUKit;
			productReference = F501A8B515874B5200E784DD /* TUKit.framework */;
			productType = "com.apple.product-type.bundle";
		};
		F526EED0158770A8003B148A /* TUKitResources */ = {
			isa = PBXNativeTarget;
			buildConfigurationList = F526EEDD158770A8003B148A /* Build configuration list for PBXNativeTarget "TUKitResources" */;
			buildPhases = (
				F526EECD158770A8003B148A /* Sources */,
				F526EECE158770A8003B148A /* Frameworks */,
				F526EECF158770A8003B148A /* Resources */,
			);
			buildRules = (
			);
			dependencies = (
			);
			name = TUKitResources;
			productName = TUKitResources;
			productReference = F526EED1158770A8003B148A /* TUKitResources.bundle */;
			productType = "com.apple.product-type.bundle";
		};
		F5580A0E1573AD0100865948 /* libTUKit */ = {
			isa = PBXNativeTarget;
			buildConfigurationList = F5580A1C1573AD0100865948 /* Build configuration list for PBXNativeTarget "libTUKit" */;
			buildPhases = (
				F5580A0B1573AD0100865948 /* Sources */,
				F5580A0C1573AD0100865948 /* Frameworks */,
				F5580A0D1573AD0100865948 /* Headers */,
			);
			buildRules = (
			);
			dependencies = (
			);
			name = libTUKit;
			productName = libTUKit;
			productReference = F5580A0F1573AD0100865948 /* libTUKit.a */;
			productType = "com.apple.product-type.library.static";
		};
/* End PBXNativeTarget section */

/* Begin PBXProject section */
		F5580A061573AD0100865948 /* Project object */ = {
			isa = PBXProject;
			attributes = {
				LastUpgradeCheck = 0430;
				ORGANIZATIONNAME = "28 interactive";
			};
			buildConfigurationList = F5580A091573AD0100865948 /* Build configuration list for PBXProject "libTUKit" */;
			compatibilityVersion = "Xcode 3.2";
			developmentRegion = English;
			hasScannedForEncodings = 0;
			knownRegions = (
				en,
			);
			mainGroup = F5580A041573AD0100865948;
			productRefGroup = F5580A101573AD0100865948 /* Products */;
			projectDirPath = "";
			projectRoot = "";
			targets = (
				F5580A0E1573AD0100865948 /* libTUKit */,
				F501A8B415874B5100E784DD /* TUKit */,
				F501A8F91587669100E784DD /* TUKit Universal Framework */,
				F526EED0158770A8003B148A /* TUKitResources */,
			);
		};
/* End PBXProject section */

/* Begin PBXResourcesBuildPhase section */
		F501A8B315874B5100E784DD /* Resources */ = {
			isa = PBXResourcesBuildPhase;
			buildActionMask = 2147483647;
			files = (
				F501A8BD15874B5200E784DD /* InfoPlist.strings in Resources */,
			);
			runOnlyForDeploymentPostprocessing = 0;
		};
		F526EECF158770A8003B148A /* Resources */ = {
			isa = PBXResourcesBuildPhase;
			buildActionMask = 2147483647;
			files = (
				3A98D4D815E0D6FE00C9F564 /* TETableViewCells.xib in Resources */,
				F526EEDF158770C2003B148A /* __default_highlighted_star.png in Resources */,
				F526EEE0158770C2003B148A /* __default_highlighted_star@2x.png in Resources */,
				F526EEE1158770C2003B148A /* __default_star.png in Resources */,
				F526EEE2158770C2003B148A /* __default_star@2x.png in Resources */,
			);
			runOnlyForDeploymentPostprocessing = 0;
		};
/* End PBXResourcesBuildPhase section */

/* Begin PBXShellScriptBuildPhase section */
		F501A8FD158766AA00E784DD /* ShellScript */ = {
			isa = PBXShellScriptBuildPhase;
			buildActionMask = 2147483647;
			files = (
			);
			inputPaths = (
			);
			outputPaths = (
			);
			runOnlyForDeploymentPostprocessing = 0;
			shellPath = /bin/sh;
			shellScript = "# Sets the target folders and the final framework product.\nFMK_NAME=TUKit\nFMK_VERSION=A\n\n# Install dir will be the final output to the framework.\n# The following line create it in the root folder of the current project.\nINSTALL_DIR=${SRCROOT}/Products/${FMK_NAME}.framework\n\n# Working dir will be deleted after the framework creation.\nWRK_DIR=build\nDEVICE_DIR=${WRK_DIR}/Release-iphoneos/${FMK_NAME}.framework\nSIMULATOR_DIR=${WRK_DIR}/Release-iphonesimulator/${FMK_NAME}.framework\n\n# Building both architectures.\nxcodebuild -configuration \"Release\" -target \"${FMK_NAME}\" -sdk iphoneos\nxcodebuild -configuration \"Release\" -target \"${FMK_NAME}\" -sdk iphonesimulator\n\n# Cleaning the oldest.\nif [ -d \"${INSTALL_DIR}\" ]\nthen\nrm -rf \"${INSTALL_DIR}\"\nfi\n\n# Creates and renews the final product folder.\nmkdir -p \"${INSTALL_DIR}\"\nmkdir -p \"${INSTALL_DIR}/Versions\"\nmkdir -p \"${INSTALL_DIR}/Versions/${FMK_VERSION}\"\nmkdir -p \"${INSTALL_DIR}/Versions/${FMK_VERSION}/Resources\"\nmkdir -p \"${INSTALL_DIR}/Versions/${FMK_VERSION}/Headers\"\n\n# Creates the internal links.\n# It MUST uses relative path, otherwise will not work when the folder is copied/moved.\nln -s \"${FMK_VERSION}\" \"${INSTALL_DIR}/Versions/Current\"\nln -s \"Versions/Current/Headers\" \"${INSTALL_DIR}/Headers\"\nln -s \"Versions/Current/Resources\" \"${INSTALL_DIR}/Resources\"\nln -s \"Versions/Current/${FMK_NAME}\" \"${INSTALL_DIR}/${FMK_NAME}\"\n\n# Copies the headers and resources files to the final product folder.\ncp -R \"${DEVICE_DIR}/Headers/\" \"${INSTALL_DIR}/Versions/${FMK_VERSION}/Headers/\"\ncp -R \"${DEVICE_DIR}/\" \"${INSTALL_DIR}/Versions/${FMK_VERSION}/Resources/\"\n\n# Removes the binary and header from the resources folder.\nrm -r \"${INSTALL_DIR}/Versions/${FMK_VERSION}/Resources/Headers\" \"${INSTALL_DIR}/Versions/${FMK_VERSION}/Resources/${FMK_NAME}\"\n\n# Uses the Lipo Tool to merge both binary files (i386 + armv6/armv7) into one Universal final product.\nlipo -create \"${DEVICE_DIR}/${FMK_NAME}\" \"${SIMULATOR_DIR}/${FMK_NAME}\" -output \"${INSTALL_DIR}/Versions/${FMK_VERSION}/${FMK_NAME}\"\n\nrm -r \"${WRK_DIR}\"";
		};
/* End PBXShellScriptBuildPhase section */

/* Begin PBXSourcesBuildPhase section */
		F501A8B115874B5100E784DD /* Sources */ = {
			isa = PBXSourcesBuildPhase;
			buildActionMask = 2147483647;
			files = (
				3A98D4E515E0E7D600C9F564 /* TESwitchItem.m in Sources */,
				3A98D4E615E0E7D600C9F564 /* TESelectItem.m in Sources */,
				3A98D4E715E0E7D600C9F564 /* TETextFieldItem.m in Sources */,
				3A98D4E815E0E7D600C9F564 /* TESwitchCell.m in Sources */,
				3A98D4E915E0E7D600C9F564 /* TESelectCell.m in Sources */,
				3A98D4EA15E0E7D600C9F564 /* TETextFieldCell.m in Sources */,
				F527805D15CFDF0A002D6D36 /* TETableViewItem.m in Sources */,
				F5FD88D115C12E4900AC4A60 /* NSMutableArray+WeakReference.m in Sources */,
				F501A8C5158761D100E784DD /* UIView+Animations.m in Sources */,
				F501A8C6158761D100E784DD /* TELoadingImageView.m in Sources */,
				F501A8C7158761D100E784DD /* TERoundedCornerImageView.m in Sources */,
				F501A8C8158761D100E784DD /* TEStrikeThroughLabel.m in Sources */,
				F501A8C9158761D100E784DD /* NSString+URLEncode.m in Sources */,
				F501A8CA158761D100E784DD /* TEImageLoader.m in Sources */,
				F501A8CB158761D100E784DD /* AFUIImageReflection.m in Sources */,
				F501A8CC158761D100E784DD /* TEGallery.m in Sources */,
				F501A8CD158761D100E784DD /* TEPhoto.m in Sources */,
				F501A8CE158761D100E784DD /* TEStarRatingView.m in Sources */,
				F501A8CF158761D100E784DD /* TEModel.m in Sources */,
				F501A8D0158761D100E784DD /* TETableViewDataSource.m in Sources */,
				F501A8D1158761D100E784DD /* TETableViewDelegate.m in Sources */,
				F501A8D2158761D100E784DD /* TETableViewExpandableDataSource.m in Sources */,
				F501A8D3158761D100E784DD /* TETableViewExpandableDelegate.m in Sources */,
				F501A8D4158761D100E784DD /* TETableViewSectionDataSource.m in Sources */,
				F501A8D5158761D100E784DD /* TETableViewSectionExpandableDataSource.m in Sources */,
			);
			runOnlyForDeploymentPostprocessing = 0;
		};
		F526EECD158770A8003B148A /* Sources */ = {
			isa = PBXSourcesBuildPhase;
			buildActionMask = 2147483647;
			files = (
			);
			runOnlyForDeploymentPostprocessing = 0;
		};
		F5580A0B1573AD0100865948 /* Sources */ = {
			isa = PBXSourcesBuildPhase;
			buildActionMask = 2147483647;
			files = (
				F5580A3B1573AEA000865948 /* TEModel.m in Sources */,
				F5580A3F1573AEA000865948 /* TETableViewDataSource.m in Sources */,
				F5580A411573AEA000865948 /* TETableViewDelegate.m in Sources */,
				F5580A431573AEA000865948 /* TETableViewExpandableDataSource.m in Sources */,
				F5580A451573AEA000865948 /* TETableViewExpandableDelegate.m in Sources */,
				F5580A4B1573AEA000865948 /* TETableViewSectionDataSource.m in Sources */,
				F5580A4D1573AEA000865948 /* TETableViewSectionExpandableDataSource.m in Sources */,
				F5580A571573AEB500865948 /* TEStarRatingView.m in Sources */,
				F5580A601573AECA00865948 /* AFUIImageReflection.m in Sources */,
				F5580A621573AECA00865948 /* TEGallery.m in Sources */,
				F5580A641573AECA00865948 /* TEPhoto.m in Sources */,
				3AD064CD1574092600C6DAA6 /* NSString+URLEncode.m in Sources */,
				3AD064CF1574092600C6DAA6 /* TEImageLoader.m in Sources */,
				3AD064D415740D1100C6DAA6 /* TEStrikeThroughLabel.m in Sources */,
				3AD064DB15740DBA00C6DAA6 /* TELoadingImageView.m in Sources */,
				3AD064DD15740DBA00C6DAA6 /* TERoundedCornerImageView.m in Sources */,
				3AF6C800157FC13800AA2923 /* UIView+Animations.m in Sources */,
				F5FEE88E15B4063600AC5569 /* TETableViewItem.m in Sources */,
				F5FD88C815C1260500AC4A60 /* NSMutableArray+WeakReference.m in Sources */,
				3A98D4BF15E0CF7A00C9F564 /* TESwitchCell.m in Sources */,
				3A98D4C615E0D18700C9F564 /* TESelectCell.m in Sources */,
				3A98D4CA15E0D1C600C9F564 /* TETextFieldCell.m in Sources */,
				3A98D4CF15E0D57D00C9F564 /* TESwitchItem.m in Sources */,
				3A98D4D315E0D58F00C9F564 /* TESelectItem.m in Sources */,
				3A98D4D715E0D59F00C9F564 /* TETextFieldItem.m in Sources */,
			);
			runOnlyForDeploymentPostprocessing = 0;
		};
/* End PBXSourcesBuildPhase section */

/* Begin PBXVariantGroup section */
		F501A8BB15874B5200E784DD /* InfoPlist.strings */ = {
			isa = PBXVariantGroup;
			children = (
				F501A8BC15874B5200E784DD /* en */,
			);
			name = InfoPlist.strings;
			sourceTree = "<group>";
		};
		F526EED7158770A8003B148A /* InfoPlist.strings */ = {
			isa = PBXVariantGroup;
			children = (
				F526EED8158770A8003B148A /* en */,
			);
			name = InfoPlist.strings;
			sourceTree = "<group>";
		};
/* End PBXVariantGroup section */

/* Begin XCBuildConfiguration section */
		F501A8C015874B5200E784DD /* Debug */ = {
			isa = XCBuildConfiguration;
			buildSettings = {
				ARCHS = "$(ARCHS_STANDARD_32_BIT)";
				CLANG_WARN_OBJCPP_ARC_ABI = YES;
				DEAD_CODE_STRIPPING = NO;
				FRAMEWORK_SEARCH_PATHS = (
					"$(inherited)",
					"\"$(SRCROOT)\"",
				);
				GCC_ENABLE_OBJC_EXCEPTIONS = YES;
				GCC_GENERATE_DEBUGGING_SYMBOLS = NO;
				GCC_PRECOMPILE_PREFIX_HEADER = YES;
				GCC_PREFIX_HEADER = "TUKit/TUKit-Prefix.pch";
				GCC_WARN_64_TO_32_BIT_CONVERSION = YES;
				INFOPLIST_FILE = "TUKit/TUKit-Info.plist";
				INSTALL_PATH = "$(LOCAL_LIBRARY_DIR)/Bundles";
				LINK_WITH_STANDARD_LIBRARIES = NO;
				MACH_O_TYPE = mh_object;
				MACOSX_DEPLOYMENT_TARGET = "";
				ONLY_ACTIVE_ARCH = NO;
				PRODUCT_NAME = "$(TARGET_NAME)";
				SDKROOT = iphoneos;
				TARGETED_DEVICE_FAMILY = "1,2";
				VALID_ARCHS = "$(ARCHS_STANDARD_32_BIT)";
				WRAPPER_EXTENSION = framework;
			};
			name = Debug;
		};
		F501A8C115874B5200E784DD /* Release */ = {
			isa = XCBuildConfiguration;
			buildSettings = {
				ARCHS = "$(ARCHS_STANDARD_32_BIT)";
				CLANG_WARN_OBJCPP_ARC_ABI = YES;
				DEAD_CODE_STRIPPING = NO;
				DEBUG_INFORMATION_FORMAT = "dwarf-with-dsym";
				FRAMEWORK_SEARCH_PATHS = (
					"$(inherited)",
					"\"$(SRCROOT)\"",
				);
				GCC_ENABLE_OBJC_EXCEPTIONS = YES;
				GCC_GENERATE_DEBUGGING_SYMBOLS = NO;
				GCC_PRECOMPILE_PREFIX_HEADER = YES;
				GCC_PREFIX_HEADER = "TUKit/TUKit-Prefix.pch";
				GCC_WARN_64_TO_32_BIT_CONVERSION = YES;
				INFOPLIST_FILE = "TUKit/TUKit-Info.plist";
				INSTALL_PATH = "$(LOCAL_LIBRARY_DIR)/Bundles";
				LINK_WITH_STANDARD_LIBRARIES = NO;
				MACH_O_TYPE = mh_object;
				MACOSX_DEPLOYMENT_TARGET = "";
				PRODUCT_NAME = "$(TARGET_NAME)";
				SDKROOT = iphoneos;
				TARGETED_DEVICE_FAMILY = "1,2";
				VALID_ARCHS = "$(ARCHS_STANDARD_32_BIT)";
				WRAPPER_EXTENSION = framework;
			};
			name = Release;
		};
		F501A8FB1587669100E784DD /* Debug */ = {
			isa = XCBuildConfiguration;
			buildSettings = {
				PRODUCT_NAME = "$(TARGET_NAME)";
			};
			name = Debug;
		};
		F501A8FC1587669100E784DD /* Release */ = {
			isa = XCBuildConfiguration;
			buildSettings = {
				PRODUCT_NAME = "$(TARGET_NAME)";
			};
			name = Release;
		};
		F526EEDB158770A8003B148A /* Debug */ = {
			isa = XCBuildConfiguration;
			buildSettings = {
				ARCHS = "$(ARCHS_STANDARD_32_BIT)";
				GCC_ENABLE_OBJC_EXCEPTIONS = YES;
				GCC_PRECOMPILE_PREFIX_HEADER = YES;
				GCC_PREFIX_HEADER = "TUKitResources/TUKitResources-Prefix.pch";
				GCC_WARN_64_TO_32_BIT_CONVERSION = YES;
				INFOPLIST_FILE = "TUKitResources/TUKitResources-Info.plist";
				INSTALL_PATH = "$(LOCAL_LIBRARY_DIR)/Bundles";
				MACOSX_DEPLOYMENT_TARGET = "";
				ONLY_ACTIVE_ARCH = YES;
				PRODUCT_NAME = "$(TARGET_NAME)";
				SDKROOT = iphoneos;
				WRAPPER_EXTENSION = bundle;
			};
			name = Debug;
		};
		F526EEDC158770A8003B148A /* Release */ = {
			isa = XCBuildConfiguration;
			buildSettings = {
				ARCHS = "$(ARCHS_STANDARD_32_BIT)";
				DEBUG_INFORMATION_FORMAT = "dwarf-with-dsym";
				GCC_ENABLE_OBJC_EXCEPTIONS = YES;
				GCC_PRECOMPILE_PREFIX_HEADER = YES;
				GCC_PREFIX_HEADER = "TUKitResources/TUKitResources-Prefix.pch";
				GCC_WARN_64_TO_32_BIT_CONVERSION = YES;
				INFOPLIST_FILE = "TUKitResources/TUKitResources-Info.plist";
				INSTALL_PATH = "$(LOCAL_LIBRARY_DIR)/Bundles";
				MACOSX_DEPLOYMENT_TARGET = "";
				PRODUCT_NAME = "$(TARGET_NAME)";
				SDKROOT = iphoneos;
				WRAPPER_EXTENSION = bundle;
			};
			name = Release;
		};
		F5580A1A1573AD0100865948 /* Debug */ = {
			isa = XCBuildConfiguration;
			buildSettings = {
				ALWAYS_SEARCH_USER_PATHS = NO;
				ARCHS = "$(ARCHS_STANDARD_32_BIT)";
				CLANG_ENABLE_OBJC_ARC = YES;
				COPY_PHASE_STRIP = NO;
				GCC_C_LANGUAGE_STANDARD = gnu99;
				GCC_DYNAMIC_NO_PIC = NO;
				GCC_OPTIMIZATION_LEVEL = 0;
				GCC_PREPROCESSOR_DEFINITIONS = (
					"DEBUG=1",
					"$(inherited)",
				);
				GCC_SYMBOLS_PRIVATE_EXTERN = NO;
				GCC_VERSION = com.apple.compilers.llvm.clang.1_0;
				GCC_WARN_ABOUT_RETURN_TYPE = YES;
				GCC_WARN_UNINITIALIZED_AUTOS = YES;
				GCC_WARN_UNUSED_VARIABLE = YES;
				IPHONEOS_DEPLOYMENT_TARGET = 5.1;
				SDKROOT = iphoneos;
			};
			name = Debug;
		};
		F5580A1B1573AD0100865948 /* Release */ = {
			isa = XCBuildConfiguration;
			buildSettings = {
				ALWAYS_SEARCH_USER_PATHS = NO;
				ARCHS = "$(ARCHS_STANDARD_32_BIT)";
				CLANG_ENABLE_OBJC_ARC = YES;
				COPY_PHASE_STRIP = YES;
				GCC_C_LANGUAGE_STANDARD = gnu99;
				GCC_VERSION = com.apple.compilers.llvm.clang.1_0;
				GCC_WARN_ABOUT_RETURN_TYPE = YES;
				GCC_WARN_UNINITIALIZED_AUTOS = YES;
				GCC_WARN_UNUSED_VARIABLE = YES;
				IPHONEOS_DEPLOYMENT_TARGET = 5.1;
				SDKROOT = iphoneos;
				VALIDATE_PRODUCT = YES;
			};
			name = Release;
		};
		F5580A1D1573AD0100865948 /* Debug */ = {
			isa = XCBuildConfiguration;
			buildSettings = {
				CLANG_ENABLE_OBJC_ARC = YES;
				DSTROOT = /tmp/libTUKit.dst;
				EXECUTABLE_PREFIX = "";
				GCC_PRECOMPILE_PREFIX_HEADER = YES;
				GCC_PREFIX_HEADER = "libTUKit/libTUKit-Prefix.pch";
				OTHER_LDFLAGS = "-ObjC";
				PRODUCT_NAME = "$(TARGET_NAME)";
				SKIP_INSTALL = YES;
				VALID_ARCHS = "armv7 armv7s";
			};
			name = Debug;
		};
		F5580A1E1573AD0100865948 /* Release */ = {
			isa = XCBuildConfiguration;
			buildSettings = {
				CLANG_ENABLE_OBJC_ARC = YES;
				DSTROOT = /tmp/libTUKit.dst;
				EXECUTABLE_PREFIX = "";
				GCC_PRECOMPILE_PREFIX_HEADER = YES;
				GCC_PREFIX_HEADER = "libTUKit/libTUKit-Prefix.pch";
				OTHER_LDFLAGS = "-ObjC";
				PRODUCT_NAME = "$(TARGET_NAME)";
				SKIP_INSTALL = YES;
				VALID_ARCHS = "armv7 armv7s";
			};
			name = Release;
		};
/* End XCBuildConfiguration section */

/* Begin XCConfigurationList section */
		F501A8BF15874B5200E784DD /* Build configuration list for PBXNativeTarget "TUKit" */ = {
			isa = XCConfigurationList;
			buildConfigurations = (
				F501A8C015874B5200E784DD /* Debug */,
				F501A8C115874B5200E784DD /* Release */,
			);
			defaultConfigurationIsVisible = 0;
			defaultConfigurationName = Release;
		};
		F501A8FA1587669100E784DD /* Build configuration list for PBXAggregateTarget "TUKit Universal Framework" */ = {
			isa = XCConfigurationList;
			buildConfigurations = (
				F501A8FB1587669100E784DD /* Debug */,
				F501A8FC1587669100E784DD /* Release */,
			);
			defaultConfigurationIsVisible = 0;
			defaultConfigurationName = Release;
		};
		F526EEDD158770A8003B148A /* Build configuration list for PBXNativeTarget "TUKitResources" */ = {
			isa = XCConfigurationList;
			buildConfigurations = (
				F526EEDB158770A8003B148A /* Debug */,
				F526EEDC158770A8003B148A /* Release */,
			);
			defaultConfigurationIsVisible = 0;
			defaultConfigurationName = Release;
		};
		F5580A091573AD0100865948 /* Build configuration list for PBXProject "libTUKit" */ = {
			isa = XCConfigurationList;
			buildConfigurations = (
				F5580A1A1573AD0100865948 /* Debug */,
				F5580A1B1573AD0100865948 /* Release */,
			);
			defaultConfigurationIsVisible = 0;
			defaultConfigurationName = Release;
		};
		F5580A1C1573AD0100865948 /* Build configuration list for PBXNativeTarget "libTUKit" */ = {
			isa = XCConfigurationList;
			buildConfigurations = (
				F5580A1D1573AD0100865948 /* Debug */,
				F5580A1E1573AD0100865948 /* Release */,
			);
			defaultConfigurationIsVisible = 0;
			defaultConfigurationName = Release;
		};
/* End XCConfigurationList section */
	};
	rootObject = F5580A061573AD0100865948 /* Project object */;
}
